// !$*UTF8*$!
{
	archiveVersion = 1;
	classes = {
	};
	objectVersion = 50;
	objects = {

/* Begin PBXBuildFile section */
		15758CFE2664FD4A00A8C865 /* AppDelegate.swift in Sources */ = {isa = PBXBuildFile; fileRef = 15758CFD2664FD4A00A8C865 /* AppDelegate.swift */; };
		15758D002664FD4A00A8C865 /* SceneDelegate.swift in Sources */ = {isa = PBXBuildFile; fileRef = 15758CFF2664FD4A00A8C865 /* SceneDelegate.swift */; };
		15758D052664FD4A00A8C865 /* Main.storyboard in Resources */ = {isa = PBXBuildFile; fileRef = 15758D032664FD4A00A8C865 /* Main.storyboard */; };
		15758D0A2664FD4B00A8C865 /* LaunchScreen.storyboard in Resources */ = {isa = PBXBuildFile; fileRef = 15758D082664FD4B00A8C865 /* LaunchScreen.storyboard */; };
		15758D122664FDDA00A8C865 /* Assets.xcassets in Resources */ = {isa = PBXBuildFile; fileRef = 15758D112664FDDA00A8C865 /* Assets.xcassets */; };
		15758D14266504D100A8C865 /* ToDoListViewController.swift in Sources */ = {isa = PBXBuildFile; fileRef = 15758D13266504D100A8C865 /* ToDoListViewController.swift */; };
		15758D1626650F0F00A8C865 /* ToDoList.swift in Sources */ = {isa = PBXBuildFile; fileRef = 15758D1526650F0F00A8C865 /* ToDoList.swift */; };
		1582F5AF2666A90F003372D1 /* ItemDetailViewController.swift in Sources */ = {isa = PBXBuildFile; fileRef = 1582F5AE2666A90F003372D1 /* ItemDetailViewController.swift */; };
		15CF593B26668CC300F892AD /* ToDoListViewCell.swift in Sources */ = {isa = PBXBuildFile; fileRef = 15CF593A26668CC300F892AD /* ToDoListViewCell.swift */; };
/* End PBXBuildFile section */

/* Begin PBXFileReference section */
		15758CFA2664FD4A00A8C865 /* TodoList.app */ = {isa = PBXFileReference; explicitFileType = wrapper.application; includeInIndex = 0; path = TodoList.app; sourceTree = BUILT_PRODUCTS_DIR; };
		15758CFD2664FD4A00A8C865 /* AppDelegate.swift */ = {isa = PBXFileReference; lastKnownFileType = sourcecode.swift; path = AppDelegate.swift; sourceTree = "<group>"; };
		15758CFF2664FD4A00A8C865 /* SceneDelegate.swift */ = {isa = PBXFileReference; lastKnownFileType = sourcecode.swift; path = SceneDelegate.swift; sourceTree = "<group>"; };
		15758D042664FD4A00A8C865 /* Base */ = {isa = PBXFileReference; lastKnownFileType = file.storyboard; name = Base; path = Base.lproj/Main.storyboard; sourceTree = "<group>"; };
		15758D092664FD4B00A8C865 /* Base */ = {isa = PBXFileReference; lastKnownFileType = file.storyboard; name = Base; path = Base.lproj/LaunchScreen.storyboard; sourceTree = "<group>"; };
		15758D0B2664FD4B00A8C865 /* Info.plist */ = {isa = PBXFileReference; lastKnownFileType = text.plist.xml; path = Info.plist; sourceTree = "<group>"; };
		15758D112664FDDA00A8C865 /* Assets.xcassets */ = {isa = PBXFileReference; lastKnownFileType = folder.assetcatalog; path = Assets.xcassets; sourceTree = "<group>"; };
		15758D13266504D100A8C865 /* ToDoListViewController.swift */ = {isa = PBXFileReference; lastKnownFileType = sourcecode.swift; path = ToDoListViewController.swift; sourceTree = "<group>"; };
		15758D1526650F0F00A8C865 /* ToDoList.swift */ = {isa = PBXFileReference; lastKnownFileType = sourcecode.swift; path = ToDoList.swift; sourceTree = "<group>"; };
		1582F5AE2666A90F003372D1 /* ItemDetailViewController.swift */ = {isa = PBXFileReference; lastKnownFileType = sourcecode.swift; path = ItemDetailViewController.swift; sourceTree = "<group>"; };
		15CF593A26668CC300F892AD /* ToDoListViewCell.swift */ = {isa = PBXFileReference; lastKnownFileType = sourcecode.swift; path = ToDoListViewCell.swift; sourceTree = "<group>"; };
/* End PBXFileReference section */

/* Begin PBXFrameworksBuildPhase section */
		15758CF72664FD4A00A8C865 /* Frameworks */ = {
			isa = PBXFrameworksBuildPhase;
			buildActionMask = 2147483647;
			files = (
			);
			runOnlyForDeploymentPostprocessing = 0;
		};
/* End PBXFrameworksBuildPhase section */

/* Begin PBXGroup section */
		15758CF12664FD4A00A8C865 = {
			isa = PBXGroup;
			children = (
				15758CFC2664FD4A00A8C865 /* TodoList */,
				15758CFB2664FD4A00A8C865 /* Products */,
			);
			sourceTree = "<group>";
		};
		15758CFB2664FD4A00A8C865 /* Products */ = {
			isa = PBXGroup;
			children = (
				15758CFA2664FD4A00A8C865 /* TodoList.app */,
			);
			name = Products;
			sourceTree = "<group>";
		};
		15758CFC2664FD4A00A8C865 /* TodoList */ = {
			isa = PBXGroup;
			children = (
				15758CFD2664FD4A00A8C865 /* AppDelegate.swift */,
				15758CFF2664FD4A00A8C865 /* SceneDelegate.swift */,
				15CF593E26668F6900F892AD /* Model */,
				15CF593D26668F6300F892AD /* Controller */,
				15CF593C26668F5300F892AD /* View */,
				15758D032664FD4A00A8C865 /* Main.storyboard */,
				15758D082664FD4B00A8C865 /* LaunchScreen.storyboard */,
				15758D112664FDDA00A8C865 /* Assets.xcassets */,
				15758D0B2664FD4B00A8C865 /* Info.plist */,
			);
			path = TodoList;
			sourceTree = "<group>";
		};
		15CF593C26668F5300F892AD /* View */ = {
			isa = PBXGroup;
			children = (
				15CF593A26668CC300F892AD /* ToDoListViewCell.swift */,
			);
			path = View;
			sourceTree = "<group>";
		};
		15CF593D26668F6300F892AD /* Controller */ = {
			isa = PBXGroup;
			children = (
				15758D13266504D100A8C865 /* ToDoListViewController.swift */,
				1582F5AE2666A90F003372D1 /* ItemDetailViewController.swift */,
			);
			path = Controller;
			sourceTree = "<group>";
		};
		15CF593E26668F6900F892AD /* Model */ = {
			isa = PBXGroup;
			children = (
				15758D1526650F0F00A8C865 /* ToDoList.swift */,
			);
			path = Model;
			sourceTree = "<group>";
		};
/* End PBXGroup section */

/* Begin PBXNativeTarget section */
		15758CF92664FD4A00A8C865 /* TodoList */ = {
			isa = PBXNativeTarget;
			buildConfigurationList = 15758D0E2664FD4B00A8C865 /* Build configuration list for PBXNativeTarget "TodoList" */;
			buildPhases = (
				15758CF62664FD4A00A8C865 /* Sources */,
				15758CF72664FD4A00A8C865 /* Frameworks */,
				15758CF82664FD4A00A8C865 /* Resources */,
			);
			buildRules = (
			);
			dependencies = (
			);
			name = TodoList;
			productName = TodoList;
			productReference = 15758CFA2664FD4A00A8C865 /* TodoList.app */;
			productType = "com.apple.product-type.application";
		};
/* End PBXNativeTarget section */

/* Begin PBXProject section */
		15758CF22664FD4A00A8C865 /* Project object */ = {
			isa = PBXProject;
			attributes = {
				LastSwiftUpdateCheck = 1110;
				LastUpgradeCheck = 1110;
				ORGANIZATIONNAME = AhmedAmin;
				TargetAttributes = {
					15758CF92664FD4A00A8C865 = {
						CreatedOnToolsVersion = 11.1;
					};
				};
			};
			buildConfigurationList = 15758CF52664FD4A00A8C865 /* Build configuration list for PBXProject "TodoList" */;
			compatibilityVersion = "Xcode 9.3";
			developmentRegion = en;
			hasScannedForEncodings = 0;
			knownRegions = (
				en,
				Base,
			);
			mainGroup = 15758CF12664FD4A00A8C865;
			productRefGroup = 15758CFB2664FD4A00A8C865 /* Products */;
			projectDirPath = "";
			projectRoot = "";
			targets = (
				15758CF92664FD4A00A8C865 /* TodoList */,
			);
		};
/* End PBXProject section */

/* Begin PBXResourcesBuildPhase section */
		15758CF82664FD4A00A8C865 /* Resources */ = {
			isa = PBXResourcesBuildPhase;
			buildActionMask = 2147483647;
			files = (
				15758D0A2664FD4B00A8C865 /* LaunchScreen.storyboard in Resources */,
				15758D122664FDDA00A8C865 /* Assets.xcassets in Resources */,
				15758D052664FD4A00A8C865 /* Main.storyboard in Resources */,
			);
			runOnlyForDeploymentPostprocessing = 0;
		};
/* End PBXResourcesBuildPhase section */

/* Begin PBXSourcesBuildPhase section */
		15758CF62664FD4A00A8C865 /* Sources */ = {
			isa = PBXSourcesBuildPhase;
			buildActionMask = 2147483647;
			files = (
				15CF593B26668CC300F892AD /* ToDoListViewCell.swift in Sources */,
				15758D14266504D100A8C865 /* ToDoListViewController.swift in Sources */,
				15758CFE2664FD4A00A8C865 /* AppDelegate.swift in Sources */,
				15758D002664FD4A00A8C865 /* SceneDelegate.swift in Sources */,
				15758D1626650F0F00A8C865 /* ToDoList.swift in Sources */,
				1582F5AF2666A90F003372D1 /* ItemDetailViewController.swift in Sources */,
			);
			runOnlyForDeploymentPostprocessing = 0;
		};
/* End PBXSourcesBuildPhase section */

/* Begin PBXVariantGroup section */
		15758D032664FD4A00A8C865 /* Main.storyboard */ = {
			isa = PBXVariantGroup;
			children = (
				15758D042664FD4A00A8C865 /* Base */,
			);
			name = Main.storyboard;
			sourceTree = "<group>";
		};
		15758D082664FD4B00A8C865 /* LaunchScreen.storyboard */ = {
			isa = PBXVariantGroup;
			children = (
				15758D092664FD4B00A8C865 /* Base */,
			);
			name = LaunchScreen.storyboard;
			sourceTree = "<group>";
		};
/* End PBXVariantGroup section */

/* Begin XCBuildConfiguration section */
		15758D0C2664FD4B00A8C865 /* Debug */ = {
			isa = XCBuildConfiguration;
			buildSettings = {
				ALWAYS_SEARCH_USER_PATHS = NO;
				CLANG_ANALYZER_NONNULL = YES;
				CLANG_ANALYZER_NUMBER_OBJECT_CONVERSION = YES_AGGRESSIVE;
				CLANG_CXX_LANGUAGE_STANDARD = "gnu++14";
				CLANG_CXX_LIBRARY = "libc++";
				CLANG_ENABLE_MODULES = YES;
				CLANG_ENABLE_OBJC_ARC = YES;
				CLANG_ENABLE_OBJC_WEAK = YES;
				CLANG_WARN_BLOCK_CAPTURE_AUTORELEASING = YES;
				CLANG_WARN_BOOL_CONVERSION = YES;
				CLANG_WARN_COMMA = YES;
				CLANG_WARN_CONSTANT_CONVERSION = YES;
				CLANG_WARN_DEPRECATED_OBJC_IMPLEMENTATIONS = YES;
				CLANG_WARN_DIRECT_OBJC_ISA_USAGE = YES_ERROR;
				CLANG_WARN_DOCUMENTATION_COMMENTS = YES;
				CLANG_WARN_EMPTY_BODY = YES;
				CLANG_WARN_ENUM_CONVERSION = YES;
				CLANG_WARN_INFINITE_RECURSION = YES;
				CLANG_WARN_INT_CONVERSION = YES;
				CLANG_WARN_NON_LITERAL_NULL_CONVERSION = YES;
				CLANG_WARN_OBJC_IMPLICIT_RETAIN_SELF = YES;
				CLANG_WARN_OBJC_LITERAL_CONVERSION = YES;
				CLANG_WARN_OBJC_ROOT_CLASS = YES_ERROR;
				CLANG_WARN_RANGE_LOOP_ANALYSIS = YES;
				CLANG_WARN_STRICT_PROTOTYPES = YES;
				CLANG_WARN_SUSPICIOUS_MOVE = YES;
				CLANG_WARN_UNGUARDED_AVAILABILITY = YES_AGGRESSIVE;
				CLANG_WARN_UNREACHABLE_CODE = YES;
				CLANG_WARN__DUPLICATE_METHOD_MATCH = YES;
				COPY_PHASE_STRIP = NO;
				DEBUG_INFORMATION_FORMAT = dwarf;
				ENABLE_STRICT_OBJC_MSGSEND = YES;
				ENABLE_TESTABILITY = YES;
				GCC_C_LANGUAGE_STANDARD = gnu11;
				GCC_DYNAMIC_NO_PIC = NO;
				GCC_NO_COMMON_BLOCKS = YES;
				GCC_OPTIMIZATION_LEVEL = 0;
				GCC_PREPROCESSOR_DEFINITIONS = (
					"DEBUG=1",
					"$(inherited)",
				);
				GCC_WARN_64_TO_32_BIT_CONVERSION = YES;
				GCC_WARN_ABOUT_RETURN_TYPE = YES_ERROR;
				GCC_WARN_UNDECLARED_SELECTOR = YES;
				GCC_WARN_UNINITIALIZED_AUTOS = YES_AGGRESSIVE;
				GCC_WARN_UNUSED_FUNCTION = YES;
				GCC_WARN_UNUSED_VARIABLE = YES;
				IPHONEOS_DEPLOYMENT_TARGET = 13.1;
				MTL_ENABLE_DEBUG_INFO = INCLUDE_SOURCE;
				MTL_FAST_MATH = YES;
				ONLY_ACTIVE_ARCH = YES;
				SDKROOT = iphoneos;
				SWIFT_ACTIVE_COMPILATION_CONDITIONS = DEBUG;
				SWIFT_OPTIMIZATION_LEVEL = "-Onone";
			};
			name = Debug;
		};
		15758D0D2664FD4B00A8C865 /* Release */ = {
			isa = XCBuildConfiguration;
			buildSettings = {
				ALWAYS_SEARCH_USER_PATHS = NO;
				CLANG_ANALYZER_NONNULL = YES;
				CLANG_ANALYZER_NUMBER_OBJECT_CONVERSION = YES_AGGRESSIVE;
				CLANG_CXX_LANGUAGE_STANDARD = "gnu++14";
				CLANG_CXX_LIBRARY = "libc++";
				CLANG_ENABLE_MODULES = YES;
				CLANG_ENABLE_OBJC_ARC = YES;
				CLANG_ENABLE_OBJC_WEAK = YES;
				CLANG_WARN_BLOCK_CAPTURE_AUTORELEASING = YES;
				CLANG_WARN_BOOL_CONVERSION = YES;
				CLANG_WARN_COMMA = YES;
				CLANG_WARN_CONSTANT_CONVERSION = YES;
				CLANG_WARN_DEPRECATED_OBJC_IMPLEMENTATIONS = YES;
				CLANG_WARN_DIRECT_OBJC_ISA_USAGE = YES_ERROR;
				CLANG_WARN_DOCUMENTATION_COMMENTS = YES;
				CLANG_WARN_EMPTY_BODY = YES;
				CLANG_WARN_ENUM_CONVERSION = YES;
				CLANG_WARN_INFINITE_RECURSION = YES;
				CLANG_WARN_INT_CONVERSION = YES;
				CLANG_WARN_NON_LITERAL_NULL_CONVERSION = YES;
				CLANG_WARN_OBJC_IMPLICIT_RETAIN_SELF = YES;
				CLANG_WARN_OBJC_LITERAL_CONVERSION = YES;
				CLANG_WARN_OBJC_ROOT_CLASS = YES_ERROR;
				CLANG_WARN_RANGE_LOOP_ANALYSIS = YES;
				CLANG_WARN_STRICT_PROTOTYPES = YES;
				CLANG_WARN_SUSPICIOUS_MOVE = YES;
				CLANG_WARN_UNGUARDED_AVAILABILITY = YES_AGGRESSIVE;
				CLANG_WARN_UNREACHABLE_CODE = YES;
				CLANG_WARN__DUPLICATE_METHOD_MATCH = YES;
				COPY_PHASE_STRIP = NO;
				DEBUG_INFORMATION_FORMAT = "dwarf-with-dsym";
				ENABLE_NS_ASSERTIONS = NO;
				ENABLE_STRICT_OBJC_MSGSEND = YES;
				GCC_C_LANGUAGE_STANDARD = gnu11;
				GCC_NO_COMMON_BLOCKS = YES;
				GCC_WARN_64_TO_32_BIT_CONVERSION = YES;
				GCC_WARN_ABOUT_RETURN_TYPE = YES_ERROR;
				GCC_WARN_UNDECLARED_SELECTOR = YES;
				GCC_WARN_UNINITIALIZED_AUTOS = YES_AGGRESSIVE;
				GCC_WARN_UNUSED_FUNCTION = YES;
				GCC_WARN_UNUSED_VARIABLE = YES;
				IPHONEOS_DEPLOYMENT_TARGET = 13.1;
				MTL_ENABLE_DEBUG_INFO = NO;
				MTL_FAST_MATH = YES;
				SDKROOT = iphoneos;
				SWIFT_COMPILATION_MODE = wholemodule;
				SWIFT_OPTIMIZATION_LEVEL = "-O";
				VALIDATE_PRODUCT = YES;
			};
			name = Release;
		};
		15758D0F2664FD4B00A8C865 /* Debug */ = {
			isa = XCBuildConfiguration;
			buildSettings = {
				ASSETCATALOG_COMPILER_APPICON_NAME = AppIcon;
				CODE_SIGN_STYLE = Automatic;
				DEVELOPMENT_TEAM = M4SYRBQBFW;
				INFOPLIST_FILE = TodoList/Info.plist;
				LD_RUNPATH_SEARCH_PATHS = (
					"$(inherited)",
					"@executable_path/Frameworks",
				);
				PRODUCT_BUNDLE_IDENTIFIER = com.AhmedAmin.TodoList;
				PRODUCT_NAME = "$(TARGET_NAME)";
				SWIFT_VERSION = 5.0;
				TARGETED_DEVICE_FAMILY = "1,2";
			};
			name = Debug;
		};
		15758D102664FD4B00A8C865 /* Release */ = {
			isa = XCBuildConfiguration;
			buildSettings = {
				ASSETCATALOG_COMPILER_APPICON_NAME = AppIcon;
				CODE_SIGN_STYLE = Automatic;
				DEVELOPMENT_TEAM = M4SYRBQBFW;
				INFOPLIST_FILE = TodoList/Info.plist;
				LD_RUNPATH_SEARCH_PATHS = (
					"$(inherited)",
					"@executable_path/Frameworks",
				);
				PRODUCT_BUNDLE_IDENTIFIER = com.AhmedAmin.TodoList;
				PRODUCT_NAME = "$(TARGET_NAME)";
				SWIFT_VERSION = 5.0;
				TARGETED_DEVICE_FAMILY = "1,2";
			};
			name = Release;
		};
/* End XCBuildConfiguration section */

/* Begin XCConfigurationList section */
		15758CF52664FD4A00A8C865 /* Build configuration list for PBXProject "TodoList" */ = {
			isa = XCConfigurationList;
			buildConfigurations = (
				15758D0C2664FD4B00A8C865 /* Debug */,
				15758D0D2664FD4B00A8C865 /* Release */,
			);
			defaultConfigurationIsVisible = 0;
			defaultConfigurationName = Release;
		};
		15758D0E2664FD4B00A8C865 /* Build configuration list for PBXNativeTarget "TodoList" */ = {
			isa = XCConfigurationList;
			buildConfigurations = (
				15758D0F2664FD4B00A8C865 /* Debug */,
				15758D102664FD4B00A8C865 /* Release */,
			);
			defaultConfigurationIsVisible = 0;
			defaultConfigurationName = Release;
		};
/* End XCConfigurationList section */
	};
	rootObject = 15758CF22664FD4A00A8C865 /* Project object */;
}
